
Microsoft Visual Studio Solution File, Format Version 12.00
# Visual Studio 15
Project("{FAE04EC0-301F-11D3-BF4B-00C04F79EFBC}") = "Zenject", "Zenject.csproj", "{9AD68CF6-6180-6099-82B5-A4D9B5C041BD}"
EndProject
Project("{FAE04EC0-301F-11D3-BF4B-00C04F79EFBC}") = "Assembly-CSharp-firstpass", "Assembly-CSharp-firstpass.csproj", "{CB2E4F13-5F46-1B12-1B26-ED5179D73D76}"
EndProject
Project("{FAE04EC0-301F-11D3-BF4B-00C04F79EFBC}") = "Assembly-CSharp", "Assembly-CSharp.csproj", "{9D590624-350B-67BF-18B5-1425FC38E0E7}"
EndProject
Project("{FAE04EC0-301F-11D3-BF4B-00C04F79EFBC}") = "Assembly-CSharp-Editor-firstpass", "Assembly-CSharp-Editor-firstpass.csproj", "{B92AF9F7-0FD4-13DE-D517-BEABE21A7A13}"
EndProject
Project("{FAE04EC0-301F-11D3-BF4B-00C04F79EFBC}") = "Zenject-PoolMonitor-Editor", "Zenject-PoolMonitor-Editor.csproj", "{04F47E4F-613D-D78D-F423-A62371ED6098}"
EndProject
Project("{FAE04EC0-301F-11D3-BF4B-00C04F79EFBC}") = "Zenject-ReflectionBaking-Editor", "Zenject-ReflectionBaking-Editor.csproj", "{06FC8F95-56F1-07DE-B6C4-92192ADE14BF}"
EndProject
Project("{FAE04EC0-301F-11D3-BF4B-00C04F79EFBC}") = "RotaryHeart", "RotaryHeart.csproj", "{C4EB0088-B7A6-D6E2-4CFB-6CD69223DECE}"
EndProject
Project("{FAE04EC0-301F-11D3-BF4B-00C04F79EFBC}") = "Zenject-Editor", "Zenject-Editor.csproj", "{CF76FC50-DC5A-5019-7437-D885663EDC80}"
EndProject
Global
	GlobalSection(SolutionConfigurationPlatforms) = preSolution
		Debug|Any CPU = Debug|Any CPU
		Release|Any CPU = Release|Any CPU
	EndGlobalSection
	GlobalSection(ProjectConfigurationPlatforms) = postSolution
		{9AD68CF6-6180-6099-82B5-A4D9B5C041BD}.Debug|Any CPU.ActiveCfg = Debug|Any CPU
		{9AD68CF6-6180-6099-82B5-A4D9B5C041BD}.Debug|Any CPU.Build.0 = Debug|Any CPU
		{9AD68CF6-6180-6099-82B5-A4D9B5C041BD}.Release|Any CPU.ActiveCfg = Release|Any CPU
		{9AD68CF6-6180-6099-82B5-A4D9B5C041BD}.Release|Any CPU.Build.0 = Release|Any CPU
		{CB2E4F13-5F46-1B12-1B26-ED5179D73D76}.Debug|Any CPU.ActiveCfg = Debug|Any CPU
		{CB2E4F13-5F46-1B12-1B26-ED5179D73D76}.Debug|Any CPU.Build.0 = Debug|Any CPU
		{CB2E4F13-5F46-1B12-1B26-ED5179D73D76}.Release|Any CPU.ActiveCfg = Release|Any CPU
		{CB2E4F13-5F46-1B12-1B26-ED5179D73D76}.Release|Any CPU.Build.0 = Release|Any CPU
		{9D590624-350B-67BF-18B5-1425FC38E0E7}.Debug|Any CPU.ActiveCfg = Debug|Any CPU
		{9D590624-350B-67BF-18B5-1425FC38E0E7}.Debug|Any CPU.Build.0 = Debug|Any CPU
		{9D590624-350B-67BF-18B5-1425FC38E0E7}.Release|Any CPU.ActiveCfg = Release|Any CPU
		{9D590624-350B-67BF-18B5-1425FC38E0E7}.Release|Any CPU.Build.0 = Release|Any CPU
		{B92AF9F7-0FD4-13DE-D517-BEABE21A7A13}.Debug|Any CPU.ActiveCfg = Debug|Any CPU
		{B92AF9F7-0FD4-13DE-D517-BEABE21A7A13}.Debug|Any CPU.Build.0 = Debug|Any CPU
		{B92AF9F7-0FD4-13DE-D517-BEABE21A7A13}.Release|Any CPU.ActiveCfg = Release|Any CPU
		{B92AF9F7-0FD4-13DE-D517-BEABE21A7A13}.Release|Any CPU.Build.0 = Release|Any CPU
		{04F47E4F-613D-D78D-F423-A62371ED6098}.Debug|Any CPU.ActiveCfg = Debug|Any CPU
		{04F47E4F-613D-D78D-F423-A62371ED6098}.Debug|Any CPU.Build.0 = Debug|Any CPU
		{04F47E4F-613D-D78D-F423-A62371ED6098}.Release|Any CPU.ActiveCfg = Release|Any CPU
		{04F47E4F-613D-D78D-F423-A62371ED6098}.Release|Any CPU.Build.0 = Release|Any CPU
		{06FC8F95-56F1-07DE-B6C4-92192ADE14BF}.Debug|Any CPU.ActiveCfg = Debug|Any CPU
		{06FC8F95-56F1-07DE-B6C4-92192ADE14BF}.Debug|Any CPU.Build.0 = Debug|Any CPU
		{06FC8F95-56F1-07DE-B6C4-92192ADE14BF}.Release|Any CPU.ActiveCfg = Release|Any CPU
		{06FC8F95-56F1-07DE-B6C4-92192ADE14BF}.Release|Any CPU.Build.0 = Release|Any CPU
		{C4EB0088-B7A6-D6E2-4CFB-6CD69223DECE}.Debug|Any CPU.ActiveCfg = Debug|Any CPU
		{C4EB0088-B7A6-D6E2-4CFB-6CD69223DECE}.Debug|Any CPU.Build.0 = Debug|Any CPU
		{C4EB0088-B7A6-D6E2-4CFB-6CD69223DECE}.Release|Any CPU.ActiveCfg = Release|Any CPU
		{C4EB0088-B7A6-D6E2-4CFB-6CD69223DECE}.Release|Any CPU.Build.0 = Release|Any CPU
		{CF76FC50-DC5A-5019-7437-D885663EDC80}.Debug|Any CPU.ActiveCfg = Debug|Any CPU
		{CF76FC50-DC5A-5019-7437-D885663EDC80}.Debug|Any CPU.Build.0 = Debug|Any CPU
		{CF76FC50-DC5A-5019-7437-D885663EDC80}.Release|Any CPU.ActiveCfg = Release|Any CPU
		{CF76FC50-DC5A-5019-7437-D885663EDC80}.Release|Any CPU.Build.0 = Release|Any CPU
	EndGlobalSection
	GlobalSection(SolutionProperties) = preSolution
		HideSolutionNode = FALSE
	EndGlobalSection
EndGlobal
