
Microsoft Visual Studio Solution File, Format Version 12.00
# Visual Studio 15
Project("{FAE04EC0-301F-11D3-BF4B-00C04F79EFBC}") = "PhotonUnityNetworking.Demos", "PhotonUnityNetworking.Demos.csproj", "{CD8A7561-598F-A916-1E55-1B9908C41DA8}"
EndProject
Project("{FAE04EC0-301F-11D3-BF4B-00C04F79EFBC}") = "PhotonUnityNetworking.Utilities", "PhotonUnityNetworking.Utilities.csproj", "{B960D881-04D2-DAB5-99E4-EBEECF3B2FF2}"
EndProject
Project("{FAE04EC0-301F-11D3-BF4B-00C04F79EFBC}") = "PhotonChat", "PhotonChat.csproj", "{1A632BF8-070B-832F-DF5D-757D6E9DD291}"
EndProject
Project("{FAE04EC0-301F-11D3-BF4B-00C04F79EFBC}") = "Assembly-CSharp", "Assembly-CSharp.csproj", "{CCE59CA3-D6E1-3125-FA82-BE684120C114}"
EndProject
Project("{FAE04EC0-301F-11D3-BF4B-00C04F79EFBC}") = "PhotonUnityNetworking", "PhotonUnityNetworking.csproj", "{43C29745-A43A-2CAD-962E-87DCDA9D71A6}"
EndProject
Project("{FAE04EC0-301F-11D3-BF4B-00C04F79EFBC}") = "PhotonRealtime", "PhotonRealtime.csproj", "{A004518B-456A-2A0E-D969-EF6E1957C627}"
EndProject
Project("{FAE04EC0-301F-11D3-BF4B-00C04F79EFBC}") = "PhotonUnityNetworking.Editor", "PhotonUnityNetworking.Editor.csproj", "{25D3DA66-BD08-C127-C1A3-A0C697DCB828}"
EndProject
Project("{FAE04EC0-301F-11D3-BF4B-00C04F79EFBC}") = "PunDemos.DemoHubEditor", "PunDemos.DemoHubEditor.csproj", "{F6ADEEB7-FA3E-9EC3-D18A-F224E29C001F}"
EndProject
Project("{FAE04EC0-301F-11D3-BF4B-00C04F79EFBC}") = "PhotonUnityNetworking.Utilities.PhotonPlayer.Editor", "PhotonUnityNetworking.Utilities.PhotonPlayer.Editor.csproj", "{E57B9046-4E65-EF66-9A4C-A71C121756F6}"
EndProject
Project("{FAE04EC0-301F-11D3-BF4B-00C04F79EFBC}") = "PhotonUnityNetworking.Utilities.Culling.Editor", "PhotonUnityNetworking.Utilities.Culling.Editor.csproj", "{44ABABA6-91E2-521D-2917-208AED7E47EB}"
EndProject
Project("{FAE04EC0-301F-11D3-BF4B-00C04F79EFBC}") = "Assembly-CSharp-Editor", "Assembly-CSharp-Editor.csproj", "{66029A11-79D9-19AC-9E83-87565A679E0F}"
EndProject
Project("{FAE04EC0-301F-11D3-BF4B-00C04F79EFBC}") = "PunDemos.DemoSlotcarEditor", "PunDemos.DemoSlotcarEditor.csproj", "{4B2F912E-022A-F1AD-D300-CB2FD4410E86}"
EndProject
Global
	GlobalSection(SolutionConfigurationPlatforms) = preSolution
		Debug|Any CPU = Debug|Any CPU
		Release|Any CPU = Release|Any CPU
	EndGlobalSection
	GlobalSection(ProjectConfigurationPlatforms) = postSolution
		{CD8A7561-598F-A916-1E55-1B9908C41DA8}.Debug|Any CPU.ActiveCfg = Debug|Any CPU
		{CD8A7561-598F-A916-1E55-1B9908C41DA8}.Debug|Any CPU.Build.0 = Debug|Any CPU
		{CD8A7561-598F-A916-1E55-1B9908C41DA8}.Release|Any CPU.ActiveCfg = Release|Any CPU
		{CD8A7561-598F-A916-1E55-1B9908C41DA8}.Release|Any CPU.Build.0 = Release|Any CPU
		{B960D881-04D2-DAB5-99E4-EBEECF3B2FF2}.Debug|Any CPU.ActiveCfg = Debug|Any CPU
		{B960D881-04D2-DAB5-99E4-EBEECF3B2FF2}.Debug|Any CPU.Build.0 = Debug|Any CPU
		{B960D881-04D2-DAB5-99E4-EBEECF3B2FF2}.Release|Any CPU.ActiveCfg = Release|Any CPU
		{B960D881-04D2-DAB5-99E4-EBEECF3B2FF2}.Release|Any CPU.Build.0 = Release|Any CPU
		{1A632BF8-070B-832F-DF5D-757D6E9DD291}.Debug|Any CPU.ActiveCfg = Debug|Any CPU
		{1A632BF8-070B-832F-DF5D-757D6E9DD291}.Debug|Any CPU.Build.0 = Debug|Any CPU
		{1A632BF8-070B-832F-DF5D-757D6E9DD291}.Release|Any CPU.ActiveCfg = Release|Any CPU
		{1A632BF8-070B-832F-DF5D-757D6E9DD291}.Release|Any CPU.Build.0 = Release|Any CPU
		{CCE59CA3-D6E1-3125-FA82-BE684120C114}.Debug|Any CPU.ActiveCfg = Debug|Any CPU
		{CCE59CA3-D6E1-3125-FA82-BE684120C114}.Debug|Any CPU.Build.0 = Debug|Any CPU
		{CCE59CA3-D6E1-3125-FA82-BE684120C114}.Release|Any CPU.ActiveCfg = Release|Any CPU
		{CCE59CA3-D6E1-3125-FA82-BE684120C114}.Release|Any CPU.Build.0 = Release|Any CPU
		{43C29745-A43A-2CAD-962E-87DCDA9D71A6}.Debug|Any CPU.ActiveCfg = Debug|Any CPU
		{43C29745-A43A-2CAD-962E-87DCDA9D71A6}.Debug|Any CPU.Build.0 = Debug|Any CPU
		{43C29745-A43A-2CAD-962E-87DCDA9D71A6}.Release|Any CPU.ActiveCfg = Release|Any CPU
		{43C29745-A43A-2CAD-962E-87DCDA9D71A6}.Release|Any CPU.Build.0 = Release|Any CPU
		{A004518B-456A-2A0E-D969-EF6E1957C627}.Debug|Any CPU.ActiveCfg = Debug|Any CPU
		{A004518B-456A-2A0E-D969-EF6E1957C627}.Debug|Any CPU.Build.0 = Debug|Any CPU
		{A004518B-456A-2A0E-D969-EF6E1957C627}.Release|Any CPU.ActiveCfg = Release|Any CPU
		{A004518B-456A-2A0E-D969-EF6E1957C627}.Release|Any CPU.Build.0 = Release|Any CPU
		{25D3DA66-BD08-C127-C1A3-A0C697DCB828}.Debug|Any CPU.ActiveCfg = Debug|Any CPU
		{25D3DA66-BD08-C127-C1A3-A0C697DCB828}.Debug|Any CPU.Build.0 = Debug|Any CPU
		{25D3DA66-BD08-C127-C1A3-A0C697DCB828}.Release|Any CPU.ActiveCfg = Release|Any CPU
		{25D3DA66-BD08-C127-C1A3-A0C697DCB828}.Release|Any CPU.Build.0 = Release|Any CPU
		{F6ADEEB7-FA3E-9EC3-D18A-F224E29C001F}.Debug|Any CPU.ActiveCfg = Debug|Any CPU
		{F6ADEEB7-FA3E-9EC3-D18A-F224E29C001F}.Debug|Any CPU.Build.0 = Debug|Any CPU
		{F6ADEEB7-FA3E-9EC3-D18A-F224E29C001F}.Release|Any CPU.ActiveCfg = Release|Any CPU
		{F6ADEEB7-FA3E-9EC3-D18A-F224E29C001F}.Release|Any CPU.Build.0 = Release|Any CPU
		{E57B9046-4E65-EF66-9A4C-A71C121756F6}.Debug|Any CPU.ActiveCfg = Debug|Any CPU
		{E57B9046-4E65-EF66-9A4C-A71C121756F6}.Debug|Any CPU.Build.0 = Debug|Any CPU
		{E57B9046-4E65-EF66-9A4C-A71C121756F6}.Release|Any CPU.ActiveCfg = Release|Any CPU
		{E57B9046-4E65-EF66-9A4C-A71C121756F6}.Release|Any CPU.Build.0 = Release|Any CPU
		{44ABABA6-91E2-521D-2917-208AED7E47EB}.Debug|Any CPU.ActiveCfg = Debug|Any CPU
		{44ABABA6-91E2-521D-2917-208AED7E47EB}.Debug|Any CPU.Build.0 = Debug|Any CPU
		{44ABABA6-91E2-521D-2917-208AED7E47EB}.Release|Any CPU.ActiveCfg = Release|Any CPU
		{44ABABA6-91E2-521D-2917-208AED7E47EB}.Release|Any CPU.Build.0 = Release|Any CPU
		{66029A11-79D9-19AC-9E83-87565A679E0F}.Debug|Any CPU.ActiveCfg = Debug|Any CPU
		{66029A11-79D9-19AC-9E83-87565A679E0F}.Debug|Any CPU.Build.0 = Debug|Any CPU
		{66029A11-79D9-19AC-9E83-87565A679E0F}.Release|Any CPU.ActiveCfg = Release|Any CPU
		{66029A11-79D9-19AC-9E83-87565A679E0F}.Release|Any CPU.Build.0 = Release|Any CPU
		{4B2F912E-022A-F1AD-D300-CB2FD4410E86}.Debug|Any CPU.ActiveCfg = Debug|Any CPU
		{4B2F912E-022A-F1AD-D300-CB2FD4410E86}.Debug|Any CPU.Build.0 = Debug|Any CPU
		{4B2F912E-022A-F1AD-D300-CB2FD4410E86}.Release|Any CPU.ActiveCfg = Release|Any CPU
		{4B2F912E-022A-F1AD-D300-CB2FD4410E86}.Release|Any CPU.Build.0 = Release|Any CPU
	EndGlobalSection
	GlobalSection(SolutionProperties) = preSolution
		HideSolutionNode = FALSE
	EndGlobalSection
EndGlobal
