
Microsoft Visual Studio Solution File, Format Version 12.00
# Visual Studio 15
Project("{FAE04EC0-301F-11D3-BF4B-00C04F79EFBC}") = "Assembly-CSharp", "Assembly-CSharp.csproj", "{68154458-011B-C752-5659-AB4961F34F8C}"
EndProject
Project("{FAE04EC0-301F-11D3-BF4B-00C04F79EFBC}") = "Assembly-CSharp-Editor", "Assembly-CSharp-Editor.csproj", "{7BD4B1B0-5014-DB73-F6AB-C11C6BB1CC06}"
EndProject
Global
	GlobalSection(SolutionConfigurationPlatforms) = preSolution
		Debug|Any CPU = Debug|Any CPU
		Release|Any CPU = Release|Any CPU
	EndGlobalSection
	GlobalSection(ProjectConfigurationPlatforms) = postSolution
		{68154458-011B-C752-5659-AB4961F34F8C}.Debug|Any CPU.ActiveCfg = Debug|Any CPU
		{68154458-011B-C752-5659-AB4961F34F8C}.Debug|Any CPU.Build.0 = Debug|Any CPU
		{68154458-011B-C752-5659-AB4961F34F8C}.Release|Any CPU.ActiveCfg = Release|Any CPU
		{68154458-011B-C752-5659-AB4961F34F8C}.Release|Any CPU.Build.0 = Release|Any CPU
		{7BD4B1B0-5014-DB73-F6AB-C11C6BB1CC06}.Debug|Any CPU.ActiveCfg = Debug|Any CPU
		{7BD4B1B0-5014-DB73-F6AB-C11C6BB1CC06}.Debug|Any CPU.Build.0 = Debug|Any CPU
		{7BD4B1B0-5014-DB73-F6AB-C11C6BB1CC06}.Release|Any CPU.ActiveCfg = Release|Any CPU
		{7BD4B1B0-5014-DB73-F6AB-C11C6BB1CC06}.Release|Any CPU.Build.0 = Release|Any CPU
	EndGlobalSection
	GlobalSection(SolutionProperties) = preSolution
		HideSolutionNode = FALSE
	EndGlobalSection
EndGlobal
